
Microsoft Visual Studio Solution File, Format Version 12.00
# Visual Studio Version 16
VisualStudioVersion = 16.0.30621.155
MinimumVisualStudioVersion = 10.0.40219.1
Project("{FAE04EC0-301F-11D3-BF4B-00C04F79EFBC}") = "PMOgestionale", "PMOgestionale\PMOgestionale.csproj", "{72AA88E5-5EA2-4074-9606-4227428A5FF1}"
EndProject
Global
	GlobalSection(SolutionConfigurationPlatforms) = preSolution
		Debug|Any CPU = Debug|Any CPU
		Release|Any CPU = Release|Any CPU
	EndGlobalSection
	GlobalSection(ProjectConfigurationPlatforms) = postSolution
		{72AA88E5-5EA2-4074-9606-4227428A5FF1}.Debug|Any CPU.ActiveCfg = Debug|Any CPU
		{72AA88E5-5EA2-4074-9606-4227428A5FF1}.Debug|Any CPU.Build.0 = Debug|Any CPU
		{72AA88E5-5EA2-4074-9606-4227428A5FF1}.Release|Any CPU.ActiveCfg = Release|Any CPU
		{72AA88E5-5EA2-4074-9606-4227428A5FF1}.Release|Any CPU.Build.0 = Release|Any CPU
	EndGlobalSection
	GlobalSection(SolutionProperties) = preSolution
		HideSolutionNode = FALSE
	EndGlobalSection
	GlobalSection(ExtensibilityGlobals) = postSolution
		SolutionGuid = {4A2435D4-79A9-4A45-9AE5-7B23501A5F84}
	EndGlobalSection
EndGlobal
